{
  "name": "daily-apps",
  "requires": true,
  "lockfileVersion": 1,
  "dependencies": {
    "turbo": {
      "version": "1.0.19",
      "resolved": "https://registry.npmjs.org/turbo/-/turbo-1.0.19.tgz",
      "integrity": "sha512-/gdEdpdludyHX+344JQ84bglK33dI4IWTtGkBkfJnSQW+lC3/JFAu9jy+4zNK2gdzxjwcB2/qQK+Pv53SZd1Kw=="
    }
  }
}
